// !$*UTF8*$!
{
	archiveVersion = 1;
	classes = {
	};
	objectVersion = 55;
	objects = {

/* Begin PBXBuildFile section */
		D014624F28586009005BCDED /* RuPersonCollectionViewCell.swift in Sources */ = {isa = PBXBuildFile; fileRef = D014624E28586009005BCDED /* RuPersonCollectionViewCell.swift */; };
		D0146251285862F1005BCDED /* SectionHeader.swift in Sources */ = {isa = PBXBuildFile; fileRef = D0146250285862F1005BCDED /* SectionHeader.swift */; };
		D014625328587605005BCDED /* FrBattleDataCell.swift in Sources */ = {isa = PBXBuildFile; fileRef = D014625228587605005BCDED /* FrBattleDataCell.swift */; };
		D014625528587977005BCDED /* panorama.json in Resources */ = {isa = PBXBuildFile; fileRef = D014625428587977005BCDED /* panorama.json */; };
		D01462572858A74C005BCDED /* fr_battleData.json in Resources */ = {isa = PBXBuildFile; fileRef = D01462562858A74C005BCDED /* fr_battleData.json */; };
		D01462592858A9FA005BCDED /* ru_battleData.json in Resources */ = {isa = PBXBuildFile; fileRef = D01462582858A9FA005BCDED /* ru_battleData.json */; };
		D014625B2858B864005BCDED /* RuBattleDataCell.swift in Sources */ = {isa = PBXBuildFile; fileRef = D014625A2858B864005BCDED /* RuBattleDataCell.swift */; };
		D01D6AA62856F48B00FBF165 /* PersonModel.swift in Sources */ = {isa = PBXBuildFile; fileRef = D01D6AA52856F48B00FBF165 /* PersonModel.swift */; };
		D01D6AA72856FBCE00FBF165 /* f_persons.json in Resources */ = {isa = PBXBuildFile; fileRef = D0A12C0A28533A6E00399BC3 /* f_persons.json */; };
		D01D6AA9285704C300FBF165 /* monuments.json in Resources */ = {isa = PBXBuildFile; fileRef = D01D6AA8285704C300FBF165 /* monuments.json */; };
		D01D6AAB285705D100FBF165 /* places.json in Resources */ = {isa = PBXBuildFile; fileRef = D01D6AAA285705D100FBF165 /* places.json */; };
		D01D6AAD285706A300FBF165 /* interesting.json in Resources */ = {isa = PBXBuildFile; fileRef = D01D6AAC285706A300FBF165 /* interesting.json */; };
		D01D6AAF2857288300FBF165 /* ru_persons.json in Resources */ = {isa = PBXBuildFile; fileRef = D01D6AAE2857267000FBF165 /* ru_persons.json */; };
		D01D6AB1285733D900FBF165 /* MPerson.swift in Sources */ = {isa = PBXBuildFile; fileRef = D01D6AB0285733D900FBF165 /* MPerson.swift */; };
		D059751B283E1EDB004A6EFB /* MKMapView Extrntion.swift in Sources */ = {isa = PBXBuildFile; fileRef = D059751A283E1EDB004A6EFB /* MKMapView Extrntion.swift */; };
		D059751D283E2594004A6EFB /* MonumentLocation.swift in Sources */ = {isa = PBXBuildFile; fileRef = D059751C283E2594004A6EFB /* MonumentLocation.swift */; };
		D0651E5C283F5B6000CE23D9 /* mainData.geojson in Resources */ = {isa = PBXBuildFile; fileRef = D0651E5B283F5B6000CE23D9 /* mainData.geojson */; };
		D0651E5E283F8AC000CE23D9 /* testData.json in Resources */ = {isa = PBXBuildFile; fileRef = D0651E5D283F8AC000CE23D9 /* testData.json */; };
		D0A12C042852783E00399BC3 /* paintings.json in Resources */ = {isa = PBXBuildFile; fileRef = D0A12C032852783E00399BC3 /* paintings.json */; };
		D0A12C0628527BE700399BC3 /* PaintingModel.swift in Sources */ = {isa = PBXBuildFile; fileRef = D0A12C0528527BE700399BC3 /* PaintingModel.swift */; };
		D0A12C082853230800399BC3 /* GalleryViewController.swift in Sources */ = {isa = PBXBuildFile; fileRef = D0A12C072853230800399BC3 /* GalleryViewController.swift */; };
		D0A12C0E28535A9C00399BC3 /* PaintingCollectionViewCell.swift in Sources */ = {isa = PBXBuildFile; fileRef = D0A12C0D28535A9C00399BC3 /* PaintingCollectionViewCell.swift */; };
		D0A12C1228535B0400399BC3 /* FrPersonCollectionViewCell.swift in Sources */ = {isa = PBXBuildFile; fileRef = D0A12C1128535B0400399BC3 /* FrPersonCollectionViewCell.swift */; };
		D0A12C1628535B2A00399BC3 /* InterestingCollectionViewCell.swift in Sources */ = {isa = PBXBuildFile; fileRef = D0A12C1528535B2A00399BC3 /* InterestingCollectionViewCell.swift */; };
		D0A12C182853682C00399BC3 /* MGallery.swift in Sources */ = {isa = PBXBuildFile; fileRef = D0A12C172853682C00399BC3 /* MGallery.swift */; };
		D0D41074283B9EC800479D4A /* monu.json in Resources */ = {isa = PBXBuildFile; fileRef = D0D41073283B9EC800479D4A /* monu.json */; };
		D0D41077283BA24300479D4A /* Bundle-Decodable.swift in Sources */ = {isa = PBXBuildFile; fileRef = D0D41076283BA24300479D4A /* Bundle-Decodable.swift */; };
		D0D41079283BA48900479D4A /* MonumentModel.swift in Sources */ = {isa = PBXBuildFile; fileRef = D0D41078283BA48900479D4A /* MonumentModel.swift */; };
		D0E002352822B782002B219F /* AppDelegate.swift in Sources */ = {isa = PBXBuildFile; fileRef = D0E002342822B782002B219F /* AppDelegate.swift */; };
		D0E002372822B782002B219F /* SceneDelegate.swift in Sources */ = {isa = PBXBuildFile; fileRef = D0E002362822B782002B219F /* SceneDelegate.swift */; };
		D0E0023E2822B78C002B219F /* Assets.xcassets in Resources */ = {isa = PBXBuildFile; fileRef = D0E0023D2822B78C002B219F /* Assets.xcassets */; };
		D0E002412822B78C002B219F /* LaunchScreen.storyboard in Resources */ = {isa = PBXBuildFile; fileRef = D0E0023F2822B78C002B219F /* LaunchScreen.storyboard */; };
		D0E002492822D199002B219F /* Constant.swift in Sources */ = {isa = PBXBuildFile; fileRef = D0E002482822D199002B219F /* Constant.swift */; };
		D0E0024B2822D261002B219F /* UIColor Extention.swift in Sources */ = {isa = PBXBuildFile; fileRef = D0E0024A2822D261002B219F /* UIColor Extention.swift */; };
		D0EFAFB7282902F5002537B4 /* MainTabBarController.swift in Sources */ = {isa = PBXBuildFile; fileRef = D0EFAFB6282902F5002537B4 /* MainTabBarController.swift */; };
/* End PBXBuildFile section */

/* Begin PBXFileReference section */
		D014624E28586009005BCDED /* RuPersonCollectionViewCell.swift */ = {isa = PBXFileReference; lastKnownFileType = sourcecode.swift; path = RuPersonCollectionViewCell.swift; sourceTree = "<group>"; };
		D0146250285862F1005BCDED /* SectionHeader.swift */ = {isa = PBXFileReference; lastKnownFileType = sourcecode.swift; path = SectionHeader.swift; sourceTree = "<group>"; };
		D014625228587605005BCDED /* FrBattleDataCell.swift */ = {isa = PBXFileReference; lastKnownFileType = sourcecode.swift; path = FrBattleDataCell.swift; sourceTree = "<group>"; };
		D014625428587977005BCDED /* panorama.json */ = {isa = PBXFileReference; lastKnownFileType = text.json; path = panorama.json; sourceTree = "<group>"; };
		D01462562858A74C005BCDED /* fr_battleData.json */ = {isa = PBXFileReference; lastKnownFileType = text.json; path = fr_battleData.json; sourceTree = "<group>"; };
		D01462582858A9FA005BCDED /* ru_battleData.json */ = {isa = PBXFileReference; lastKnownFileType = text.json; path = ru_battleData.json; sourceTree = "<group>"; };
		D014625A2858B864005BCDED /* RuBattleDataCell.swift */ = {isa = PBXFileReference; lastKnownFileType = sourcecode.swift; path = RuBattleDataCell.swift; sourceTree = "<group>"; };
		D01D6AA52856F48B00FBF165 /* PersonModel.swift */ = {isa = PBXFileReference; lastKnownFileType = sourcecode.swift; path = PersonModel.swift; sourceTree = "<group>"; };
		D01D6AA8285704C300FBF165 /* monuments.json */ = {isa = PBXFileReference; lastKnownFileType = text.json; path = monuments.json; sourceTree = "<group>"; };
		D01D6AAA285705D100FBF165 /* places.json */ = {isa = PBXFileReference; lastKnownFileType = text.json; path = places.json; sourceTree = "<group>"; };
		D01D6AAC285706A300FBF165 /* interesting.json */ = {isa = PBXFileReference; lastKnownFileType = text.json; path = interesting.json; sourceTree = "<group>"; };
		D01D6AAE2857267000FBF165 /* ru_persons.json */ = {isa = PBXFileReference; lastKnownFileType = text.json; path = ru_persons.json; sourceTree = "<group>"; };
		D01D6AB0285733D900FBF165 /* MPerson.swift */ = {isa = PBXFileReference; lastKnownFileType = sourcecode.swift; path = MPerson.swift; sourceTree = "<group>"; };
		D059751A283E1EDB004A6EFB /* MKMapView Extrntion.swift */ = {isa = PBXFileReference; lastKnownFileType = sourcecode.swift; path = "MKMapView Extrntion.swift"; sourceTree = "<group>"; };
		D059751C283E2594004A6EFB /* MonumentLocation.swift */ = {isa = PBXFileReference; lastKnownFileType = sourcecode.swift; path = MonumentLocation.swift; sourceTree = "<group>"; };
		D0651E5B283F5B6000CE23D9 /* mainData.geojson */ = {isa = PBXFileReference; lastKnownFileType = text; path = mainData.geojson; sourceTree = "<group>"; };
		D0651E5D283F8AC000CE23D9 /* testData.json */ = {isa = PBXFileReference; lastKnownFileType = text.json; path = testData.json; sourceTree = "<group>"; };
		D0A12C032852783E00399BC3 /* paintings.json */ = {isa = PBXFileReference; lastKnownFileType = text.json; path = paintings.json; sourceTree = "<group>"; };
		D0A12C0528527BE700399BC3 /* PaintingModel.swift */ = {isa = PBXFileReference; lastKnownFileType = sourcecode.swift; path = PaintingModel.swift; sourceTree = "<group>"; };
		D0A12C072853230800399BC3 /* GalleryViewController.swift */ = {isa = PBXFileReference; lastKnownFileType = sourcecode.swift; path = GalleryViewController.swift; sourceTree = "<group>"; };
		D0A12C0A28533A6E00399BC3 /* f_persons.json */ = {isa = PBXFileReference; lastKnownFileType = text.json; path = f_persons.json; sourceTree = "<group>"; };
		D0A12C0D28535A9C00399BC3 /* PaintingCollectionViewCell.swift */ = {isa = PBXFileReference; lastKnownFileType = sourcecode.swift; path = PaintingCollectionViewCell.swift; sourceTree = "<group>"; };
		D0A12C1128535B0400399BC3 /* FrPersonCollectionViewCell.swift */ = {isa = PBXFileReference; lastKnownFileType = sourcecode.swift; path = FrPersonCollectionViewCell.swift; sourceTree = "<group>"; };
		D0A12C1528535B2A00399BC3 /* InterestingCollectionViewCell.swift */ = {isa = PBXFileReference; lastKnownFileType = sourcecode.swift; path = InterestingCollectionViewCell.swift; sourceTree = "<group>"; };
		D0A12C172853682C00399BC3 /* MGallery.swift */ = {isa = PBXFileReference; lastKnownFileType = sourcecode.swift; path = MGallery.swift; sourceTree = "<group>"; };
		D0D41073283B9EC800479D4A /* monu.json */ = {isa = PBXFileReference; lastKnownFileType = text.json; path = monu.json; sourceTree = "<group>"; };
		D0D41076283BA24300479D4A /* Bundle-Decodable.swift */ = {isa = PBXFileReference; lastKnownFileType = sourcecode.swift; path = "Bundle-Decodable.swift"; sourceTree = "<group>"; };
		D0D41078283BA48900479D4A /* MonumentModel.swift */ = {isa = PBXFileReference; lastKnownFileType = sourcecode.swift; path = MonumentModel.swift; sourceTree = "<group>"; };
		D0E002312822B782002B219F /* Borodino.app */ = {isa = PBXFileReference; explicitFileType = wrapper.application; includeInIndex = 0; path = Borodino.app; sourceTree = BUILT_PRODUCTS_DIR; };
		D0E002342822B782002B219F /* AppDelegate.swift */ = {isa = PBXFileReference; lastKnownFileType = sourcecode.swift; path = AppDelegate.swift; sourceTree = "<group>"; };
		D0E002362822B782002B219F /* SceneDelegate.swift */ = {isa = PBXFileReference; lastKnownFileType = sourcecode.swift; path = SceneDelegate.swift; sourceTree = "<group>"; };
		D0E0023D2822B78C002B219F /* Assets.xcassets */ = {isa = PBXFileReference; lastKnownFileType = folder.assetcatalog; path = Assets.xcassets; sourceTree = "<group>"; };
		D0E002402822B78C002B219F /* Base */ = {isa = PBXFileReference; lastKnownFileType = file.storyboard; name = Base; path = Base.lproj/LaunchScreen.storyboard; sourceTree = "<group>"; };
		D0E002422822B78C002B219F /* Info.plist */ = {isa = PBXFileReference; lastKnownFileType = text.plist.xml; path = Info.plist; sourceTree = "<group>"; };
		D0E002482822D199002B219F /* Constant.swift */ = {isa = PBXFileReference; lastKnownFileType = sourcecode.swift; path = Constant.swift; sourceTree = "<group>"; };
		D0E0024A2822D261002B219F /* UIColor Extention.swift */ = {isa = PBXFileReference; lastKnownFileType = sourcecode.swift; path = "UIColor Extention.swift"; sourceTree = "<group>"; };
		D0EFAFB6282902F5002537B4 /* MainTabBarController.swift */ = {isa = PBXFileReference; lastKnownFileType = sourcecode.swift; path = MainTabBarController.swift; sourceTree = "<group>"; };
/* End PBXFileReference section */

/* Begin PBXFrameworksBuildPhase section */
		D0E0022E2822B782002B219F /* Frameworks */ = {
			isa = PBXFrameworksBuildPhase;
			buildActionMask = 2147483647;
			files = (
			);
			runOnlyForDeploymentPostprocessing = 0;
		};
/* End PBXFrameworksBuildPhase section */

/* Begin PBXGroup section */
		D0B5E0F72823D397002BAD17 /* Models */ = {
			isa = PBXGroup;
			children = (
				D0A12C172853682C00399BC3 /* MGallery.swift */,
				D01D6AB0285733D900FBF165 /* MPerson.swift */,
				D0D41078283BA48900479D4A /* MonumentModel.swift */,
				D01D6AA52856F48B00FBF165 /* PersonModel.swift */,
				D0A12C0528527BE700399BC3 /* PaintingModel.swift */,
				D059751C283E2594004A6EFB /* MonumentLocation.swift */,
			);
			path = Models;
			sourceTree = "<group>";
		};
		D0D41072283B9E9400479D4A /* Resources */ = {
			isa = PBXGroup;
			children = (
				D0E0023D2822B78C002B219F /* Assets.xcassets */,
				D0A12C032852783E00399BC3 /* paintings.json */,
				D0A12C0A28533A6E00399BC3 /* f_persons.json */,
				D01D6AAE2857267000FBF165 /* ru_persons.json */,
				D01D6AA8285704C300FBF165 /* monuments.json */,
				D01462562858A74C005BCDED /* fr_battleData.json */,
				D01462582858A9FA005BCDED /* ru_battleData.json */,
				D01D6AAA285705D100FBF165 /* places.json */,
				D014625428587977005BCDED /* panorama.json */,
				D01D6AAC285706A300FBF165 /* interesting.json */,
				D0D41073283B9EC800479D4A /* monu.json */,
				D0651E5D283F8AC000CE23D9 /* testData.json */,
				D0651E5B283F5B6000CE23D9 /* mainData.geojson */,
			);
			path = Resources;
			sourceTree = "<group>";
		};
		D0E002282822B782002B219F = {
			isa = PBXGroup;
			children = (
				D0E002332822B782002B219F /* Borodino */,
				D0E002322822B782002B219F /* Products */,
			);
			sourceTree = "<group>";
		};
		D0E002322822B782002B219F /* Products */ = {
			isa = PBXGroup;
			children = (
				D0E002312822B782002B219F /* Borodino.app */,
			);
			name = Products;
			sourceTree = "<group>";
		};
		D0E002332822B782002B219F /* Borodino */ = {
			isa = PBXGroup;
			children = (
				D0EFAFB32829024A002537B4 /* Other */,
				D0EFAFB428290273002537B4 /* Controllers */,
				D0EFAFB5282902A1002537B4 /* Views */,
				D0B5E0F72823D397002BAD17 /* Models */,
				D0E0024C2822D26E002B219F /* Utils */,
				D0D41072283B9E9400479D4A /* Resources */,
				D0E002422822B78C002B219F /* Info.plist */,
			);
			path = Borodino;
			sourceTree = "<group>";
		};
		D0E0024C2822D26E002B219F /* Utils */ = {
			isa = PBXGroup;
			children = (
				D0E002482822D199002B219F /* Constant.swift */,
				D0E0024A2822D261002B219F /* UIColor Extention.swift */,
				D0D41076283BA24300479D4A /* Bundle-Decodable.swift */,
				D059751A283E1EDB004A6EFB /* MKMapView Extrntion.swift */,
			);
			path = Utils;
			sourceTree = "<group>";
		};
		D0EFAFB32829024A002537B4 /* Other */ = {
			isa = PBXGroup;
			children = (
				D0E002342822B782002B219F /* AppDelegate.swift */,
				D0E002362822B782002B219F /* SceneDelegate.swift */,
			);
			path = Other;
			sourceTree = "<group>";
		};
		D0EFAFB428290273002537B4 /* Controllers */ = {
			isa = PBXGroup;
			children = (
				D0EFAFB6282902F5002537B4 /* MainTabBarController.swift */,
				D0A12C072853230800399BC3 /* GalleryViewController.swift */,
			);
			path = Controllers;
			sourceTree = "<group>";
		};
		D0EFAFB5282902A1002537B4 /* Views */ = {
			isa = PBXGroup;
			children = (
				D0E0023F2822B78C002B219F /* LaunchScreen.storyboard */,
				D0146250285862F1005BCDED /* SectionHeader.swift */,
				D0A12C0D28535A9C00399BC3 /* PaintingCollectionViewCell.swift */,
				D0A12C1128535B0400399BC3 /* FrPersonCollectionViewCell.swift */,
				D014624E28586009005BCDED /* RuPersonCollectionViewCell.swift */,
				D014625228587605005BCDED /* FrBattleDataCell.swift */,
				D014625A2858B864005BCDED /* RuBattleDataCell.swift */,
				D0A12C1528535B2A00399BC3 /* InterestingCollectionViewCell.swift */,
			);
			path = Views;
			sourceTree = "<group>";
		};
/* End PBXGroup section */

/* Begin PBXNativeTarget section */
		D0E002302822B782002B219F /* Borodino */ = {
			isa = PBXNativeTarget;
			buildConfigurationList = D0E002452822B78C002B219F /* Build configuration list for PBXNativeTarget "Borodino" */;
			buildPhases = (
				D0E0022D2822B782002B219F /* Sources */,
				D0E0022E2822B782002B219F /* Frameworks */,
				D0E0022F2822B782002B219F /* Resources */,
			);
			buildRules = (
			);
			dependencies = (
			);
			name = Borodino;
			productName = Borodino;
			productReference = D0E002312822B782002B219F /* Borodino.app */;
			productType = "com.apple.product-type.application";
		};
/* End PBXNativeTarget section */

/* Begin PBXProject section */
		D0E002292822B782002B219F /* Project object */ = {
			isa = PBXProject;
			attributes = {
				BuildIndependentTargetsInParallel = 1;
				LastSwiftUpdateCheck = 1330;
				LastUpgradeCheck = 1330;
				TargetAttributes = {
					D0E002302822B782002B219F = {
						CreatedOnToolsVersion = 13.3.1;
					};
				};
			};
			buildConfigurationList = D0E0022C2822B782002B219F /* Build configuration list for PBXProject "Borodino" */;
			compatibilityVersion = "Xcode 13.0";
			developmentRegion = en;
			hasScannedForEncodings = 0;
			knownRegions = (
				en,
				Base,
			);
			mainGroup = D0E002282822B782002B219F;
			productRefGroup = D0E002322822B782002B219F /* Products */;
			projectDirPath = "";
			projectRoot = "";
			targets = (
				D0E002302822B782002B219F /* Borodino */,
			);
		};
/* End PBXProject section */

/* Begin PBXResourcesBuildPhase section */
		D0E0022F2822B782002B219F /* Resources */ = {
			isa = PBXResourcesBuildPhase;
			buildActionMask = 2147483647;
			files = (
				D01D6AAF2857288300FBF165 /* ru_persons.json in Resources */,
				D01D6AAB285705D100FBF165 /* places.json in Resources */,
				D01462572858A74C005BCDED /* fr_battleData.json in Resources */,
				D01D6AA72856FBCE00FBF165 /* f_persons.json in Resources */,
				D0651E5C283F5B6000CE23D9 /* mainData.geojson in Resources */,
				D014625528587977005BCDED /* panorama.json in Resources */,
				D0E002412822B78C002B219F /* LaunchScreen.storyboard in Resources */,
				D0651E5E283F8AC000CE23D9 /* testData.json in Resources */,
				D01D6AA9285704C300FBF165 /* monuments.json in Resources */,
				D01D6AAD285706A300FBF165 /* interesting.json in Resources */,
				D0E0023E2822B78C002B219F /* Assets.xcassets in Resources */,
				D0D41074283B9EC800479D4A /* monu.json in Resources */,
				D01462592858A9FA005BCDED /* ru_battleData.json in Resources */,
				D0A12C042852783E00399BC3 /* paintings.json in Resources */,
			);
			runOnlyForDeploymentPostprocessing = 0;
		};
/* End PBXResourcesBuildPhase section */

/* Begin PBXSourcesBuildPhase section */
		D0E0022D2822B782002B219F /* Sources */ = {
			isa = PBXSourcesBuildPhase;
			buildActionMask = 2147483647;
			files = (
				D01D6AA62856F48B00FBF165 /* PersonModel.swift in Sources */,
				D0A12C182853682C00399BC3 /* MGallery.swift in Sources */,
				D0A12C0E28535A9C00399BC3 /* PaintingCollectionViewCell.swift in Sources */,
				D0A12C0628527BE700399BC3 /* PaintingModel.swift in Sources */,
				D059751D283E2594004A6EFB /* MonumentLocation.swift in Sources */,
				D0EFAFB7282902F5002537B4 /* MainTabBarController.swift in Sources */,
				D0A12C082853230800399BC3 /* GalleryViewController.swift in Sources */,
				D059751B283E1EDB004A6EFB /* MKMapView Extrntion.swift in Sources */,
				D0D41079283BA48900479D4A /* MonumentModel.swift in Sources */,
				D0E0024B2822D261002B219F /* UIColor Extention.swift in Sources */,
				D0D41077283BA24300479D4A /* Bundle-Decodable.swift in Sources */,
				D0A12C1228535B0400399BC3 /* FrPersonCollectionViewCell.swift in Sources */,
				D01D6AB1285733D900FBF165 /* MPerson.swift in Sources */,
				D0A12C1628535B2A00399BC3 /* InterestingCollectionViewCell.swift in Sources */,
				D014625328587605005BCDED /* FrBattleDataCell.swift in Sources */,
				D014624F28586009005BCDED /* RuPersonCollectionViewCell.swift in Sources */,
				D0146251285862F1005BCDED /* SectionHeader.swift in Sources */,
				D0E002352822B782002B219F /* AppDelegate.swift in Sources */,
				D0E002372822B782002B219F /* SceneDelegate.swift in Sources */,
				D014625B2858B864005BCDED /* RuBattleDataCell.swift in Sources */,
				D0E002492822D199002B219F /* Constant.swift in Sources */,
			);
			runOnlyForDeploymentPostprocessing = 0;
		};
/* End PBXSourcesBuildPhase section */

/* Begin PBXVariantGroup section */
		D0E0023F2822B78C002B219F /* LaunchScreen.storyboard */ = {
			isa = PBXVariantGroup;
			children = (
				D0E002402822B78C002B219F /* Base */,
			);
			name = LaunchScreen.storyboard;
			sourceTree = "<group>";
		};
/* End PBXVariantGroup section */

/* Begin XCBuildConfiguration section */
		D0E002432822B78C002B219F /* Debug */ = {
			isa = XCBuildConfiguration;
			buildSettings = {
				ALWAYS_SEARCH_USER_PATHS = NO;
				CLANG_ANALYZER_NONNULL = YES;
				CLANG_ANALYZER_NUMBER_OBJECT_CONVERSION = YES_AGGRESSIVE;
				CLANG_CXX_LANGUAGE_STANDARD = "gnu++17";
				CLANG_ENABLE_MODULES = YES;
				CLANG_ENABLE_OBJC_ARC = YES;
				CLANG_ENABLE_OBJC_WEAK = YES;
				CLANG_WARN_BLOCK_CAPTURE_AUTORELEASING = YES;
				CLANG_WARN_BOOL_CONVERSION = YES;
				CLANG_WARN_COMMA = YES;
				CLANG_WARN_CONSTANT_CONVERSION = YES;
				CLANG_WARN_DEPRECATED_OBJC_IMPLEMENTATIONS = YES;
				CLANG_WARN_DIRECT_OBJC_ISA_USAGE = YES_ERROR;
				CLANG_WARN_DOCUMENTATION_COMMENTS = YES;
				CLANG_WARN_EMPTY_BODY = YES;
				CLANG_WARN_ENUM_CONVERSION = YES;
				CLANG_WARN_INFINITE_RECURSION = YES;
				CLANG_WARN_INT_CONVERSION = YES;
				CLANG_WARN_NON_LITERAL_NULL_CONVERSION = YES;
				CLANG_WARN_OBJC_IMPLICIT_RETAIN_SELF = YES;
				CLANG_WARN_OBJC_LITERAL_CONVERSION = YES;
				CLANG_WARN_OBJC_ROOT_CLASS = YES_ERROR;
				CLANG_WARN_QUOTED_INCLUDE_IN_FRAMEWORK_HEADER = YES;
				CLANG_WARN_RANGE_LOOP_ANALYSIS = YES;
				CLANG_WARN_STRICT_PROTOTYPES = YES;
				CLANG_WARN_SUSPICIOUS_MOVE = YES;
				CLANG_WARN_UNGUARDED_AVAILABILITY = YES_AGGRESSIVE;
				CLANG_WARN_UNREACHABLE_CODE = YES;
				CLANG_WARN__DUPLICATE_METHOD_MATCH = YES;
				COPY_PHASE_STRIP = NO;
				DEBUG_INFORMATION_FORMAT = dwarf;
				ENABLE_STRICT_OBJC_MSGSEND = YES;
				ENABLE_TESTABILITY = YES;
				GCC_C_LANGUAGE_STANDARD = gnu11;
				GCC_DYNAMIC_NO_PIC = NO;
				GCC_NO_COMMON_BLOCKS = YES;
				GCC_OPTIMIZATION_LEVEL = 0;
				GCC_PREPROCESSOR_DEFINITIONS = (
					"DEBUG=1",
					"$(inherited)",
				);
				GCC_WARN_64_TO_32_BIT_CONVERSION = YES;
				GCC_WARN_ABOUT_RETURN_TYPE = YES_ERROR;
				GCC_WARN_UNDECLARED_SELECTOR = YES;
				GCC_WARN_UNINITIALIZED_AUTOS = YES_AGGRESSIVE;
				GCC_WARN_UNUSED_FUNCTION = YES;
				GCC_WARN_UNUSED_VARIABLE = YES;
				IPHONEOS_DEPLOYMENT_TARGET = 13.0;
				MTL_ENABLE_DEBUG_INFO = INCLUDE_SOURCE;
				MTL_FAST_MATH = YES;
				ONLY_ACTIVE_ARCH = YES;
				SDKROOT = iphoneos;
				SWIFT_ACTIVE_COMPILATION_CONDITIONS = DEBUG;
				SWIFT_OPTIMIZATION_LEVEL = "-Onone";
			};
			name = Debug;
		};
		D0E002442822B78C002B219F /* Release */ = {
			isa = XCBuildConfiguration;
			buildSettings = {
				ALWAYS_SEARCH_USER_PATHS = NO;
				CLANG_ANALYZER_NONNULL = YES;
				CLANG_ANALYZER_NUMBER_OBJECT_CONVERSION = YES_AGGRESSIVE;
				CLANG_CXX_LANGUAGE_STANDARD = "gnu++17";
				CLANG_ENABLE_MODULES = YES;
				CLANG_ENABLE_OBJC_ARC = YES;
				CLANG_ENABLE_OBJC_WEAK = YES;
				CLANG_WARN_BLOCK_CAPTURE_AUTORELEASING = YES;
				CLANG_WARN_BOOL_CONVERSION = YES;
				CLANG_WARN_COMMA = YES;
				CLANG_WARN_CONSTANT_CONVERSION = YES;
				CLANG_WARN_DEPRECATED_OBJC_IMPLEMENTATIONS = YES;
				CLANG_WARN_DIRECT_OBJC_ISA_USAGE = YES_ERROR;
				CLANG_WARN_DOCUMENTATION_COMMENTS = YES;
				CLANG_WARN_EMPTY_BODY = YES;
				CLANG_WARN_ENUM_CONVERSION = YES;
				CLANG_WARN_INFINITE_RECURSION = YES;
				CLANG_WARN_INT_CONVERSION = YES;
				CLANG_WARN_NON_LITERAL_NULL_CONVERSION = YES;
				CLANG_WARN_OBJC_IMPLICIT_RETAIN_SELF = YES;
				CLANG_WARN_OBJC_LITERAL_CONVERSION = YES;
				CLANG_WARN_OBJC_ROOT_CLASS = YES_ERROR;
				CLANG_WARN_QUOTED_INCLUDE_IN_FRAMEWORK_HEADER = YES;
				CLANG_WARN_RANGE_LOOP_ANALYSIS = YES;
				CLANG_WARN_STRICT_PROTOTYPES = YES;
				CLANG_WARN_SUSPICIOUS_MOVE = YES;
				CLANG_WARN_UNGUARDED_AVAILABILITY = YES_AGGRESSIVE;
				CLANG_WARN_UNREACHABLE_CODE = YES;
				CLANG_WARN__DUPLICATE_METHOD_MATCH = YES;
				COPY_PHASE_STRIP = NO;
				DEBUG_INFORMATION_FORMAT = "dwarf-with-dsym";
				ENABLE_NS_ASSERTIONS = NO;
				ENABLE_STRICT_OBJC_MSGSEND = YES;
				GCC_C_LANGUAGE_STANDARD = gnu11;
				GCC_NO_COMMON_BLOCKS = YES;
				GCC_WARN_64_TO_32_BIT_CONVERSION = YES;
				GCC_WARN_ABOUT_RETURN_TYPE = YES_ERROR;
				GCC_WARN_UNDECLARED_SELECTOR = YES;
				GCC_WARN_UNINITIALIZED_AUTOS = YES_AGGRESSIVE;
				GCC_WARN_UNUSED_FUNCTION = YES;
				GCC_WARN_UNUSED_VARIABLE = YES;
				IPHONEOS_DEPLOYMENT_TARGET = 13.0;
				MTL_ENABLE_DEBUG_INFO = NO;
				MTL_FAST_MATH = YES;
				SDKROOT = iphoneos;
				SWIFT_COMPILATION_MODE = wholemodule;
				SWIFT_OPTIMIZATION_LEVEL = "-O";
				VALIDATE_PRODUCT = YES;
			};
			name = Release;
		};
		D0E002462822B78C002B219F /* Debug */ = {
			isa = XCBuildConfiguration;
			buildSettings = {
				ASSETCATALOG_COMPILER_APPICON_NAME = AppIcon;
				ASSETCATALOG_COMPILER_GLOBAL_ACCENT_COLOR_NAME = AccentColor;
				CODE_SIGN_STYLE = Automatic;
				CURRENT_PROJECT_VERSION = 1;
				DEVELOPMENT_TEAM = 2S52Q5VDX5;
				GENERATE_INFOPLIST_FILE = YES;
				INFOPLIST_FILE = Borodino/Info.plist;
				INFOPLIST_KEY_UIApplicationSupportsIndirectInputEvents = YES;
				INFOPLIST_KEY_UILaunchStoryboardName = LaunchScreen;
				INFOPLIST_KEY_UISupportedInterfaceOrientations_iPad = "UIInterfaceOrientationPortrait UIInterfaceOrientationPortraitUpsideDown UIInterfaceOrientationLandscapeLeft UIInterfaceOrientationLandscapeRight";
				INFOPLIST_KEY_UISupportedInterfaceOrientations_iPhone = "UIInterfaceOrientationPortrait UIInterfaceOrientationLandscapeLeft UIInterfaceOrientationLandscapeRight";
				LD_RUNPATH_SEARCH_PATHS = (
					"$(inherited)",
					"@executable_path/Frameworks",
				);
				MARKETING_VERSION = 1.0;
				PRODUCT_BUNDLE_IDENTIFIER = com.a.pride.Borodino;
				PRODUCT_NAME = "$(TARGET_NAME)";
				SWIFT_EMIT_LOC_STRINGS = YES;
				SWIFT_VERSION = 5.0;
				TARGETED_DEVICE_FAMILY = "1,2";
			};
			name = Debug;
		};
		D0E002472822B78C002B219F /* Release */ = {
			isa = XCBuildConfiguration;
			buildSettings = {
				ASSETCATALOG_COMPILER_APPICON_NAME = AppIcon;
				ASSETCATALOG_COMPILER_GLOBAL_ACCENT_COLOR_NAME = AccentColor;
				CODE_SIGN_STYLE = Automatic;
				CURRENT_PROJECT_VERSION = 1;
				DEVELOPMENT_TEAM = 2S52Q5VDX5;
				GENERATE_INFOPLIST_FILE = YES;
				INFOPLIST_FILE = Borodino/Info.plist;
				INFOPLIST_KEY_UIApplicationSupportsIndirectInputEvents = YES;
				INFOPLIST_KEY_UILaunchStoryboardName = LaunchScreen;
				INFOPLIST_KEY_UISupportedInterfaceOrientations_iPad = "UIInterfaceOrientationPortrait UIInterfaceOrientationPortraitUpsideDown UIInterfaceOrientationLandscapeLeft UIInterfaceOrientationLandscapeRight";
				INFOPLIST_KEY_UISupportedInterfaceOrientations_iPhone = "UIInterfaceOrientationPortrait UIInterfaceOrientationLandscapeLeft UIInterfaceOrientationLandscapeRight";
				LD_RUNPATH_SEARCH_PATHS = (
					"$(inherited)",
					"@executable_path/Frameworks",
				);
				MARKETING_VERSION = 1.0;
				PRODUCT_BUNDLE_IDENTIFIER = com.a.pride.Borodino;
				PRODUCT_NAME = "$(TARGET_NAME)";
				SWIFT_EMIT_LOC_STRINGS = YES;
				SWIFT_VERSION = 5.0;
				TARGETED_DEVICE_FAMILY = "1,2";
			};
			name = Release;
		};
/* End XCBuildConfiguration section */

/* Begin XCConfigurationList section */
		D0E0022C2822B782002B219F /* Build configuration list for PBXProject "Borodino" */ = {
			isa = XCConfigurationList;
			buildConfigurations = (
				D0E002432822B78C002B219F /* Debug */,
				D0E002442822B78C002B219F /* Release */,
			);
			defaultConfigurationIsVisible = 0;
			defaultConfigurationName = Release;
		};
		D0E002452822B78C002B219F /* Build configuration list for PBXNativeTarget "Borodino" */ = {
			isa = XCConfigurationList;
			buildConfigurations = (
				D0E002462822B78C002B219F /* Debug */,
				D0E002472822B78C002B219F /* Release */,
			);
			defaultConfigurationIsVisible = 0;
			defaultConfigurationName = Release;
		};
/* End XCConfigurationList section */
	};
	rootObject = D0E002292822B782002B219F /* Project object */;
}
